PODS:
  - RGSnackBar (0.1.0):
    - SteviaLayout (~> 2.0)
    - SwiftPriorityQueue (~> 1.0.0)
  - SteviaLayout (2.2.1)
  - SwiftPriorityQueue (1.0.3)

DEPENDENCIES:
  - RGSnackBar (from `../`)

EXTERNAL SOURCES:
  RGSnackBar:
    :path: ../

SPEC CHECKSUMS:
  RGSnackBar: f9a0a2479b3c4514a01f26a71e2875a69e9eff26
  SteviaLayout: d5036cb1404aa6351633f06fa475660b3ea89fa5
  SwiftPriorityQueue: 3c3dd50743f33efa627cbe2ff8e274912b3962d2

PODFILE CHECKSUM: 5e6b894ff97725c1cf5bb5adeafa8be4a1568db4

COCOAPODS: 1.3.1
