PODS:
  - RGSnackBar (0.3.0):
    - SteviaLayout (~> 3.0)
    - SwiftPriorityQueue (~> 1.1.0)
  - SteviaLayout (3.2.0)
  - SwiftPriorityQueue (1.1.2)

DEPENDENCIES:
  - RGSnackBar (from `../`)

EXTERNAL SOURCES:
  RGSnackBar:
    :path: ../

SPEC CHECKSUMS:
  RGSnackBar: d25a8499869c279eb268a160ae71ceae6b9e5ac2
  SteviaLayout: 85c405f118ddb8637d0674ef6a79eefb792bf90b
  SwiftPriorityQueue: bafec150153c600a6b9f97b42abe25538745fadb

PODFILE CHECKSUM: 5e6b894ff97725c1cf5bb5adeafa8be4a1568db4

COCOAPODS: 1.3.1
